
Microsoft Visual Studio Solution File, Format Version 12.00
# Visual Studio Express 2012 for Windows Desktop
Project("{FAE04EC0-301F-11D3-BF4B-00C04F79EFBC}") = "P2_L2_TP1", "P2_L2_TP1\P2_L2_TP1.csproj", "{E514DB24-4736-4593-A5E7-81C942AB02F8}"
EndProject
Global
	GlobalSection(SolutionConfigurationPlatforms) = preSolution
		Debug|Any CPU = Debug|Any CPU
		Release|Any CPU = Release|Any CPU
	EndGlobalSection
	GlobalSection(ProjectConfigurationPlatforms) = postSolution
		{E514DB24-4736-4593-A5E7-81C942AB02F8}.Debug|Any CPU.ActiveCfg = Debug|Any CPU
		{E514DB24-4736-4593-A5E7-81C942AB02F8}.Debug|Any CPU.Build.0 = Debug|Any CPU
		{E514DB24-4736-4593-A5E7-81C942AB02F8}.Release|Any CPU.ActiveCfg = Release|Any CPU
		{E514DB24-4736-4593-A5E7-81C942AB02F8}.Release|Any CPU.Build.0 = Release|Any CPU
	EndGlobalSection
	GlobalSection(SolutionProperties) = preSolution
		HideSolutionNode = FALSE
	EndGlobalSection
EndGlobal
